
Microsoft Visual Studio Solution File, Format Version 12.00
# Visual Studio 15
Project("{FAE04EC0-301F-11D3-BF4B-00C04F79EFBC}") = "Examen2020", "Examen2020.csproj", "{C9D9E3EB-D827-4863-A1A5-7B3BA386BADB}"
EndProject
Global
	GlobalSection(SolutionConfigurationPlatforms) = preSolution
		Debug|anycpu = Debug|anycpu
		Release|anycpu = Release|anycpu
	EndGlobalSection
	GlobalSection(ProjectConfigurationPlatforms) = postSolution
		{C9D9E3EB-D827-4863-A1A5-7B3BA386BADB}.Debug|anycpu.ActiveCfg = Debug|anycpu
		{C9D9E3EB-D827-4863-A1A5-7B3BA386BADB}.Debug|anycpu.Build.0 = Debug|anycpu
		{C9D9E3EB-D827-4863-A1A5-7B3BA386BADB}.Release|anycpu.ActiveCfg = Release|anycpu
		{C9D9E3EB-D827-4863-A1A5-7B3BA386BADB}.Release|anycpu.Build.0 = Release|anycpu
	EndGlobalSection
EndGlobal
